
Microsoft Visual Studio Solution File, Format Version 12.00
# Visual Studio 15
VisualStudioVersion = 15.0.28307.779
MinimumVisualStudioVersion = 10.0.40219.1
Project("{FAE04EC0-301F-11D3-BF4B-00C04F79EFBC}") = "Cartesiano", "Cartesiano\Cartesiano.csproj", "{ED61C92F-C945-4F63-8C19-60CB3AF45FDF}"
EndProject
Global
	GlobalSection(SolutionConfigurationPlatforms) = preSolution
		Debug|Any CPU = Debug|Any CPU
		Release|Any CPU = Release|Any CPU
	EndGlobalSection
	GlobalSection(ProjectConfigurationPlatforms) = postSolution
		{ED61C92F-C945-4F63-8C19-60CB3AF45FDF}.Debug|Any CPU.ActiveCfg = Debug|Any CPU
		{ED61C92F-C945-4F63-8C19-60CB3AF45FDF}.Debug|Any CPU.Build.0 = Debug|Any CPU
		{ED61C92F-C945-4F63-8C19-60CB3AF45FDF}.Release|Any CPU.ActiveCfg = Release|Any CPU
		{ED61C92F-C945-4F63-8C19-60CB3AF45FDF}.Release|Any CPU.Build.0 = Release|Any CPU
	EndGlobalSection
	GlobalSection(SolutionProperties) = preSolution
		HideSolutionNode = FALSE
	EndGlobalSection
	GlobalSection(ExtensibilityGlobals) = postSolution
		SolutionGuid = {A17400A4-F28F-472A-9463-225EB8CD56E5}
	EndGlobalSection
EndGlobal
